
Microsoft Visual Studio Solution File, Format Version 12.00
# Visual Studio Version 17
VisualStudioVersion = 17.10.34814.14
MinimumVisualStudioVersion = 10.0.40219.1
Project("{FAE04EC0-301F-11D3-BF4B-00C04F79EFBC}") = "PicCheck", "PicCheck\PicCheck.csproj", "{87BE8343-4CF3-4152-99F5-3B79F7FEA8EE}"
EndProject
Global
	GlobalSection(SolutionConfigurationPlatforms) = preSolution
		Debug|Any CPU = Debug|Any CPU
		Release|Any CPU = Release|Any CPU
	EndGlobalSection
	GlobalSection(ProjectConfigurationPlatforms) = postSolution
		{87BE8343-4CF3-4152-99F5-3B79F7FEA8EE}.Debug|Any CPU.ActiveCfg = Debug|Any CPU
		{87BE8343-4CF3-4152-99F5-3B79F7FEA8EE}.Debug|Any CPU.Build.0 = Debug|Any CPU
		{87BE8343-4CF3-4152-99F5-3B79F7FEA8EE}.Release|Any CPU.ActiveCfg = Release|Any CPU
		{87BE8343-4CF3-4152-99F5-3B79F7FEA8EE}.Release|Any CPU.Build.0 = Release|Any CPU
	EndGlobalSection
	GlobalSection(SolutionProperties) = preSolution
		HideSolutionNode = FALSE
	EndGlobalSection
	GlobalSection(ExtensibilityGlobals) = postSolution
		SolutionGuid = {32A97159-0D7F-40C4-A023-98EEACD37AD5}
	EndGlobalSection
EndGlobal
